
Microsoft Visual Studio Solution File, Format Version 12.00
# Visual Studio 15
VisualStudioVersion = 15.0.27703.2026
MinimumVisualStudioVersion = 10.0.40219.1
Project("{FAE04EC0-301F-11D3-BF4B-00C04F79EFBC}") = "Calculator", "Calculator\Calculator.csproj", "{77CFC7A2-B85C-4A80-BCC9-33C422E87D5E}"
EndProject
Global
	GlobalSection(SolutionConfigurationPlatforms) = preSolution
		Debug|Any CPU = Debug|Any CPU
		Release|Any CPU = Release|Any CPU
	EndGlobalSection
	GlobalSection(ProjectConfigurationPlatforms) = postSolution
		{77CFC7A2-B85C-4A80-BCC9-33C422E87D5E}.Debug|Any CPU.ActiveCfg = Debug|Any CPU
		{77CFC7A2-B85C-4A80-BCC9-33C422E87D5E}.Debug|Any CPU.Build.0 = Debug|Any CPU
		{77CFC7A2-B85C-4A80-BCC9-33C422E87D5E}.Release|Any CPU.ActiveCfg = Release|Any CPU
		{77CFC7A2-B85C-4A80-BCC9-33C422E87D5E}.Release|Any CPU.Build.0 = Release|Any CPU
	EndGlobalSection
	GlobalSection(SolutionProperties) = preSolution
		HideSolutionNode = FALSE
	EndGlobalSection
	GlobalSection(ExtensibilityGlobals) = postSolution
		SolutionGuid = {422D1F2F-8079-425F-8BB7-F5DF351F3B94}
	EndGlobalSection
EndGlobal
